
Microsoft Visual Studio Solution File, Format Version 12.00
# Visual Studio Version 16
VisualStudioVersion = 16.0.30011.22
MinimumVisualStudioVersion = 10.0.40219.1
Project("{8BC9CEB8-8B4A-11D0-8D11-00A0C91BC942}") = "zrsocket", "zrsocket.vcxproj", "{93930916-DB1A-4B37-BF1D-B64D67D5F52A}"
EndProject
Project("{8BC9CEB8-8B4A-11D0-8D11-00A0C91BC942}") = "echo_client", "examples\echo\client\echo_client.vcxproj", "{DB3CAD6D-C31F-42CE-8214-62683940E9F1}"
EndProject
Project("{8BC9CEB8-8B4A-11D0-8D11-00A0C91BC942}") = "echo_server", "examples\echo\server\echo_server.vcxproj", "{A9CD4783-9AA3-47E4-B96B-BBCA047FF62F}"
EndProject
Project("{8BC9CEB8-8B4A-11D0-8D11-00A0C91BC942}") = "http_server", "examples\http\server\http_server.vcxproj", "{4FC29FF9-0074-4CE9-B4FE-EBFFD3CB87DB}"
EndProject
Project("{8BC9CEB8-8B4A-11D0-8D11-00A0C91BC942}") = "http_client", "examples\http\client\http_client.vcxproj", "{37AD115A-1240-48CA-9EFC-F481EE8B14A6}"
EndProject
Global
	GlobalSection(SolutionConfigurationPlatforms) = preSolution
		Debug|x86 = Debug|x86
		Release|x86 = Release|x86
	EndGlobalSection
	GlobalSection(ProjectConfigurationPlatforms) = postSolution
		{93930916-DB1A-4B37-BF1D-B64D67D5F52A}.Debug|x86.ActiveCfg = Debug|Win32
		{93930916-DB1A-4B37-BF1D-B64D67D5F52A}.Debug|x86.Build.0 = Debug|Win32
		{93930916-DB1A-4B37-BF1D-B64D67D5F52A}.Release|x86.ActiveCfg = Release|Win32
		{93930916-DB1A-4B37-BF1D-B64D67D5F52A}.Release|x86.Build.0 = Release|Win32
		{DB3CAD6D-C31F-42CE-8214-62683940E9F1}.Debug|x86.ActiveCfg = Debug|Win32
		{DB3CAD6D-C31F-42CE-8214-62683940E9F1}.Debug|x86.Build.0 = Debug|Win32
		{DB3CAD6D-C31F-42CE-8214-62683940E9F1}.Release|x86.ActiveCfg = Release|Win32
		{DB3CAD6D-C31F-42CE-8214-62683940E9F1}.Release|x86.Build.0 = Release|Win32
		{A9CD4783-9AA3-47E4-B96B-BBCA047FF62F}.Debug|x86.ActiveCfg = Debug|Win32
		{A9CD4783-9AA3-47E4-B96B-BBCA047FF62F}.Debug|x86.Build.0 = Debug|Win32
		{A9CD4783-9AA3-47E4-B96B-BBCA047FF62F}.Release|x86.ActiveCfg = Release|Win32
		{A9CD4783-9AA3-47E4-B96B-BBCA047FF62F}.Release|x86.Build.0 = Release|Win32
		{4FC29FF9-0074-4CE9-B4FE-EBFFD3CB87DB}.Debug|x86.ActiveCfg = Debug|Win32
		{4FC29FF9-0074-4CE9-B4FE-EBFFD3CB87DB}.Debug|x86.Build.0 = Debug|Win32
		{4FC29FF9-0074-4CE9-B4FE-EBFFD3CB87DB}.Release|x86.ActiveCfg = Release|Win32
		{4FC29FF9-0074-4CE9-B4FE-EBFFD3CB87DB}.Release|x86.Build.0 = Release|Win32
		{37AD115A-1240-48CA-9EFC-F481EE8B14A6}.Debug|x86.ActiveCfg = Debug|Win32
		{37AD115A-1240-48CA-9EFC-F481EE8B14A6}.Debug|x86.Build.0 = Debug|Win32
		{37AD115A-1240-48CA-9EFC-F481EE8B14A6}.Release|x86.ActiveCfg = Release|Win32
		{37AD115A-1240-48CA-9EFC-F481EE8B14A6}.Release|x86.Build.0 = Release|Win32
	EndGlobalSection
	GlobalSection(SolutionProperties) = preSolution
		HideSolutionNode = FALSE
	EndGlobalSection
	GlobalSection(ExtensibilityGlobals) = postSolution
		SolutionGuid = {3681E7AC-3576-443F-AE45-0B59F2A1A383}
	EndGlobalSection
EndGlobal
